
Microsoft Visual Studio Solution File, Format Version 12.00
# Visual Studio Version 16
VisualStudioVersion = 16.0.29409.12
MinimumVisualStudioVersion = 10.0.40219.1
Project("{2150E333-8FDC-42A3-9474-1A3956D46DE8}") = "Solution Items", "Solution Items", "{B20C3B5B-E24B-4713-8591-AF90EFCFCFAB}"
	ProjectSection(SolutionItems) = preProject
		global.json = global.json
	EndProjectSection
EndProject
Project("{2150E333-8FDC-42A3-9474-1A3956D46DE8}") = "src", "src", "{DFDFE5A8-13FA-43CF-9F3F-601711E554E7}"
EndProject
Project("{2150E333-8FDC-42A3-9474-1A3956D46DE8}") = "1 - Application", "1 - Application", "{0BC7CCC0-F49D-4048-B320-CE9A5551D51E}"
EndProject
Project("{2150E333-8FDC-42A3-9474-1A3956D46DE8}") = "2 - Domain", "2 - Domain", "{4BC98EFD-7FDB-44EF-B33A-BD5CD76A7002}"
EndProject
Project("{2150E333-8FDC-42A3-9474-1A3956D46DE8}") = "3 - Service", "3 - Service", "{60EB1717-C46D-487A-9F2E-00733EF336AA}"
EndProject
Project("{2150E333-8FDC-42A3-9474-1A3956D46DE8}") = "4 - Infra", "4 - Infra", "{18975451-D643-4829-9002-6071CDB586E1}"
EndProject
Project("{2150E333-8FDC-42A3-9474-1A3956D46DE8}") = "4.1 Data", "4.1 Data", "{E61CD022-32B1-4462-8F57-76B1DE473AC4}"
EndProject
Project("{9A19103F-16F7-4668-BE54-9A1E7A4F7556}") = "AccessOne.Application", "src\AccessOne.Application\AccessOne.Application.csproj", "{DECAD144-2278-4361-999E-9328FDD63D3D}"
EndProject
Project("{9A19103F-16F7-4668-BE54-9A1E7A4F7556}") = "AccessOne.Domain", "src\AccessOne.Domain\AccessOne.Domain.csproj", "{45F615D6-7397-4547-A841-C9101D118192}"
EndProject
Project("{9A19103F-16F7-4668-BE54-9A1E7A4F7556}") = "AccessOne.Service", "src\AccessOne.Service\AccessOne.Service.csproj", "{B7BF9124-70A5-42DE-A360-B528630344EE}"
EndProject
Project("{9A19103F-16F7-4668-BE54-9A1E7A4F7556}") = "AccessOne.Infra.Data", "src\AccessOne.Infra.Data\AccessOne.Infra.Data.csproj", "{3DC52278-D04E-4955-837E-743049521093}"
EndProject
Project("{9A19103F-16F7-4668-BE54-9A1E7A4F7556}") = "AccessOne.Domain.Core", "src\AccessOne.Domain.Core\AccessOne.Domain.Core.csproj", "{0A459EEE-E5C3-4F03-9259-56E28D060B46}"
EndProject
Project("{2150E333-8FDC-42A3-9474-1A3956D46DE8}") = "4.2 CrossCutting", "4.2 CrossCutting", "{E2DC64B1-5010-460F-A54F-98909E455A47}"
EndProject
Project("{FAE04EC0-301F-11D3-BF4B-00C04F79EFBC}") = "AccessOne.Infra.CrossCutting.IoC", "src\AccessOne.Infra.CrossCutting.IoC\AccessOne.Infra.CrossCutting.IoC.csproj", "{6957A12A-0350-4C15-B014-4343184A1A9A}"
EndProject
Global
	GlobalSection(SolutionConfigurationPlatforms) = preSolution
		Debug|Any CPU = Debug|Any CPU
		Release|Any CPU = Release|Any CPU
	EndGlobalSection
	GlobalSection(ProjectConfigurationPlatforms) = postSolution
		{DECAD144-2278-4361-999E-9328FDD63D3D}.Debug|Any CPU.ActiveCfg = Debug|Any CPU
		{DECAD144-2278-4361-999E-9328FDD63D3D}.Debug|Any CPU.Build.0 = Debug|Any CPU
		{DECAD144-2278-4361-999E-9328FDD63D3D}.Release|Any CPU.ActiveCfg = Release|Any CPU
		{DECAD144-2278-4361-999E-9328FDD63D3D}.Release|Any CPU.Build.0 = Release|Any CPU
		{45F615D6-7397-4547-A841-C9101D118192}.Debug|Any CPU.ActiveCfg = Debug|Any CPU
		{45F615D6-7397-4547-A841-C9101D118192}.Debug|Any CPU.Build.0 = Debug|Any CPU
		{45F615D6-7397-4547-A841-C9101D118192}.Release|Any CPU.ActiveCfg = Release|Any CPU
		{45F615D6-7397-4547-A841-C9101D118192}.Release|Any CPU.Build.0 = Release|Any CPU
		{B7BF9124-70A5-42DE-A360-B528630344EE}.Debug|Any CPU.ActiveCfg = Debug|Any CPU
		{B7BF9124-70A5-42DE-A360-B528630344EE}.Debug|Any CPU.Build.0 = Debug|Any CPU
		{B7BF9124-70A5-42DE-A360-B528630344EE}.Release|Any CPU.ActiveCfg = Release|Any CPU
		{B7BF9124-70A5-42DE-A360-B528630344EE}.Release|Any CPU.Build.0 = Release|Any CPU
		{3DC52278-D04E-4955-837E-743049521093}.Debug|Any CPU.ActiveCfg = Debug|Any CPU
		{3DC52278-D04E-4955-837E-743049521093}.Debug|Any CPU.Build.0 = Debug|Any CPU
		{3DC52278-D04E-4955-837E-743049521093}.Release|Any CPU.ActiveCfg = Release|Any CPU
		{3DC52278-D04E-4955-837E-743049521093}.Release|Any CPU.Build.0 = Release|Any CPU
		{0A459EEE-E5C3-4F03-9259-56E28D060B46}.Debug|Any CPU.ActiveCfg = Debug|Any CPU
		{0A459EEE-E5C3-4F03-9259-56E28D060B46}.Debug|Any CPU.Build.0 = Debug|Any CPU
		{0A459EEE-E5C3-4F03-9259-56E28D060B46}.Release|Any CPU.ActiveCfg = Release|Any CPU
		{0A459EEE-E5C3-4F03-9259-56E28D060B46}.Release|Any CPU.Build.0 = Release|Any CPU
		{6957A12A-0350-4C15-B014-4343184A1A9A}.Debug|Any CPU.ActiveCfg = Debug|Any CPU
		{6957A12A-0350-4C15-B014-4343184A1A9A}.Debug|Any CPU.Build.0 = Debug|Any CPU
		{6957A12A-0350-4C15-B014-4343184A1A9A}.Release|Any CPU.ActiveCfg = Release|Any CPU
		{6957A12A-0350-4C15-B014-4343184A1A9A}.Release|Any CPU.Build.0 = Release|Any CPU
	EndGlobalSection
	GlobalSection(SolutionProperties) = preSolution
		HideSolutionNode = FALSE
	EndGlobalSection
	GlobalSection(NestedProjects) = preSolution
		{0BC7CCC0-F49D-4048-B320-CE9A5551D51E} = {DFDFE5A8-13FA-43CF-9F3F-601711E554E7}
		{4BC98EFD-7FDB-44EF-B33A-BD5CD76A7002} = {DFDFE5A8-13FA-43CF-9F3F-601711E554E7}
		{60EB1717-C46D-487A-9F2E-00733EF336AA} = {DFDFE5A8-13FA-43CF-9F3F-601711E554E7}
		{18975451-D643-4829-9002-6071CDB586E1} = {DFDFE5A8-13FA-43CF-9F3F-601711E554E7}
		{E61CD022-32B1-4462-8F57-76B1DE473AC4} = {18975451-D643-4829-9002-6071CDB586E1}
		{DECAD144-2278-4361-999E-9328FDD63D3D} = {0BC7CCC0-F49D-4048-B320-CE9A5551D51E}
		{45F615D6-7397-4547-A841-C9101D118192} = {4BC98EFD-7FDB-44EF-B33A-BD5CD76A7002}
		{B7BF9124-70A5-42DE-A360-B528630344EE} = {60EB1717-C46D-487A-9F2E-00733EF336AA}
		{3DC52278-D04E-4955-837E-743049521093} = {E61CD022-32B1-4462-8F57-76B1DE473AC4}
		{0A459EEE-E5C3-4F03-9259-56E28D060B46} = {4BC98EFD-7FDB-44EF-B33A-BD5CD76A7002}
		{E2DC64B1-5010-460F-A54F-98909E455A47} = {18975451-D643-4829-9002-6071CDB586E1}
		{6957A12A-0350-4C15-B014-4343184A1A9A} = {E2DC64B1-5010-460F-A54F-98909E455A47}
	EndGlobalSection
	GlobalSection(ExtensibilityGlobals) = postSolution
		SolutionGuid = {3DBB074C-BC7F-4020-A1AD-E1A30650178C}
	EndGlobalSection
EndGlobal
